
Microsoft Visual Studio Solution File, Format Version 12.00
# Visual Studio Version 16
VisualStudioVersion = 16.0.32413.511
MinimumVisualStudioVersion = 10.0.40219.1
Project("{9A19103F-16F7-4668-BE54-9A1E7A4F7556}") = "BattleWithNumber.Core", "BattleWithNumber.Core\BattleWithNumber.Core.csproj", "{55326FE4-54F2-44B1-B6F4-9077014BB218}"
EndProject
Project("{9A19103F-16F7-4668-BE54-9A1E7A4F7556}") = "BattleWithNumber.LogicLibrary", "BattleWithNumber.LogicLibrary\BattleWithNumber.LogicLibrary.csproj", "{7989F0AD-CF4B-49AC-B25B-E3F2C8C71EC8}"
EndProject
Project("{9A19103F-16F7-4668-BE54-9A1E7A4F7556}") = "BattleWithNumber.ViewLibrary", "BattleWithNumber.ViewLibrary\BattleWithNumber.ViewLibrary.csproj", "{A8A650AF-77DB-4317-967E-A3A645296BF3}"
EndProject
Global
	GlobalSection(SolutionConfigurationPlatforms) = preSolution
		Debug|Any CPU = Debug|Any CPU
		Release|Any CPU = Release|Any CPU
	EndGlobalSection
	GlobalSection(ProjectConfigurationPlatforms) = postSolution
		{55326FE4-54F2-44B1-B6F4-9077014BB218}.Debug|Any CPU.ActiveCfg = Debug|Any CPU
		{55326FE4-54F2-44B1-B6F4-9077014BB218}.Debug|Any CPU.Build.0 = Debug|Any CPU
		{55326FE4-54F2-44B1-B6F4-9077014BB218}.Release|Any CPU.ActiveCfg = Release|Any CPU
		{55326FE4-54F2-44B1-B6F4-9077014BB218}.Release|Any CPU.Build.0 = Release|Any CPU
		{7989F0AD-CF4B-49AC-B25B-E3F2C8C71EC8}.Debug|Any CPU.ActiveCfg = Debug|Any CPU
		{7989F0AD-CF4B-49AC-B25B-E3F2C8C71EC8}.Debug|Any CPU.Build.0 = Debug|Any CPU
		{7989F0AD-CF4B-49AC-B25B-E3F2C8C71EC8}.Release|Any CPU.ActiveCfg = Release|Any CPU
		{7989F0AD-CF4B-49AC-B25B-E3F2C8C71EC8}.Release|Any CPU.Build.0 = Release|Any CPU
		{A8A650AF-77DB-4317-967E-A3A645296BF3}.Debug|Any CPU.ActiveCfg = Debug|Any CPU
		{A8A650AF-77DB-4317-967E-A3A645296BF3}.Debug|Any CPU.Build.0 = Debug|Any CPU
		{A8A650AF-77DB-4317-967E-A3A645296BF3}.Release|Any CPU.ActiveCfg = Release|Any CPU
		{A8A650AF-77DB-4317-967E-A3A645296BF3}.Release|Any CPU.Build.0 = Release|Any CPU
	EndGlobalSection
	GlobalSection(SolutionProperties) = preSolution
		HideSolutionNode = FALSE
	EndGlobalSection
	GlobalSection(ExtensibilityGlobals) = postSolution
		SolutionGuid = {593A1FD0-22A1-4604-B40B-90BD05D82C71}
	EndGlobalSection
EndGlobal
